[{<<"erlando">>,
  {git,"https://github.com/rabbitmq/erlando",
       {ref,"1c1ef25a9bc228671b32b4a6ee30c7525314b1fd"}},
  0},
 {<<"erlang_murmurhash">>,
  {git,"https://github.com/hippware/erlang-murmurhash",
       {ref,"73fe63aad252c9d503c889935f30370995026403"}},
  0},
 {<<"lz4">>,
  {git,"https://github.com/szktty/erlang-lz4",
       {ref,"30878eafeff35939052c2cafe17d21c95029d3a1"}},
  0},
 {<<"quickrand">>,
  {git,"https://github.com/okeuday/quickrand.git",
       {ref,"8b6810b73427745bb6d4f10ae9bfc66983b3b2a1"}},
  1},
 {<<"re2">>,
  {git,"https://github.com/tuncer/re2",
       {ref,"0afa670c007fbfe2f155d04995362f5fb6f27a11"}},
  0},
 {<<"semver">>,
  {git,"https://github.com/nebularis/semver",
       {ref,"c7d509f38298ec6594be4efdcd8a8f2322760039"}},
  0},
 {<<"snappy">>,
  {git,"https://github.com/fdmanana/snappy-erlang-nif",
       {ref,"c4cd1bb35f3a3a399737d64bd03b479817b90e75"}},
  0},
 {<<"uuid">>,
  {git,"https://github.com/okeuday/uuid",
       {ref,"4b705b22f5d095970558d904e43c4354bd0e0a7f"}},
  0}].
