[{<<"erlando">>,
  {git,"https://github.com/rabbitmq/erlando",
       {ref,"1c1ef25a9bc228671b32b4a6ee30c7525314b1fd"}},
  0},
 {<<"erlang_murmurhash">>,
  {git,"https://github.com/hippware/erlang-murmurhash",
       {ref,"a9e5a93d9854def9272ea6d47a32a4484f9d1a4b"}},
  0},
 {<<"lz4">>,
  {git,"https://github.com/szktty/erlang-lz4",
       {ref,"30878eafeff35939052c2cafe17d21c95029d3a1"}},
  0},
 {<<"quickrand">>,
  {git,"https://github.com/okeuday/quickrand.git",
       {ref,"3eadabe05bddbffe9e3d5cf17a9384319d8756a1"}},
  1},
 {<<"re2">>,
  {git,"https://github.com/tuncer/re2",
       {ref,"0afa670c007fbfe2f155d04995362f5fb6f27a11"}},
  0},
 {<<"semver">>,
  {git,"https://github.com/nebularis/semver",
       {ref,"c7d509f38298ec6594be4efdcd8a8f2322760039"}},
  0},
 {<<"snappy">>,
  {git,"https://github.com/fdmanana/snappy-erlang-nif",
       {ref,"76417d16a8d39e04d66114d8f8a3c75df19474f0"}},
  0},
 {<<"uuid">>,
  {git,"https://github.com/okeuday/uuid",
       {ref,"41e4e0edc4fe6291227b3fe74f7c2362f2525b21"}},
  0}].
